
Microsoft Visual Studio Solution File, Format Version 12.00
# Visual Studio Version 16
VisualStudioVersion = 16.0.28803.156
MinimumVisualStudioVersion = 10.0.40219.1
Project("{FAE04EC0-301F-11D3-BF4B-00C04F79EFBC}") = "Samples", "Samples\Samples.csproj", "{05A8B66E-5060-475B-B19A-CA02391A618D}"
EndProject
Project("{FAE04EC0-301F-11D3-BF4B-00C04F79EFBC}") = "First", "First\First.csproj", "{BD8C8CBB-C497-4D44-AFC5-CADE89E92041}"
EndProject
Project("{FAE04EC0-301F-11D3-BF4B-00C04F79EFBC}") = "Second", "Second\Second.csproj", "{5F98C000-F5E7-4B72-9CE3-3B8242D31C6F}"
EndProject
Project("{FAE04EC0-301F-11D3-BF4B-00C04F79EFBC}") = "Fourth", "Fourth\Fourth.csproj", "{8AE3542E-973C-4514-B829-AA7C2D294783}"
EndProject
Project("{FAE04EC0-301F-11D3-BF4B-00C04F79EFBC}") = "Three", "Three\Three.csproj", "{1C44BF2F-7968-4551-9C30-97D5A507504F}"
EndProject
Project("{FAE04EC0-301F-11D3-BF4B-00C04F79EFBC}") = "FormForSecondTask", "FormForSecondTask\FormForSecondTask.csproj", "{9CE6C620-711E-4A9F-BD25-62B55FD5592D}"
EndProject
Project("{FAE04EC0-301F-11D3-BF4B-00C04F79EFBC}") = "FormForThird", "FormForThird\FormForThird.csproj", "{05DD55DE-69F0-4929-B301-890C9F68E83D}"
EndProject
Project("{FAE04EC0-301F-11D3-BF4B-00C04F79EFBC}") = "FormForFourth", "FormForFourth\FormForFourth.csproj", "{304B5634-7C6E-4E24-AE93-232ACB35BD22}"
EndProject
Project("{2150E333-8FDC-42A3-9474-1A3956D46DE8}") = "Task2", "Task2", "{DBB7DBF2-5DD8-4F84-BA96-2EB8F6615E36}"
EndProject
Project("{2150E333-8FDC-42A3-9474-1A3956D46DE8}") = "Task3", "Task3", "{F3FCC3C7-6115-4FC5-8D31-ACD81DBF5721}"
EndProject
Project("{2150E333-8FDC-42A3-9474-1A3956D46DE8}") = "Task4", "Task4", "{4D9E0EF1-D943-4386-9520-9E39AE645381}"
EndProject
Global
	GlobalSection(SolutionConfigurationPlatforms) = preSolution
		Debug|Any CPU = Debug|Any CPU
		Debug|x86 = Debug|x86
		Release|Any CPU = Release|Any CPU
		Release|x86 = Release|x86
	EndGlobalSection
	GlobalSection(ProjectConfigurationPlatforms) = postSolution
		{05A8B66E-5060-475B-B19A-CA02391A618D}.Debug|Any CPU.ActiveCfg = Debug|x86
		{05A8B66E-5060-475B-B19A-CA02391A618D}.Debug|x86.ActiveCfg = Debug|x86
		{05A8B66E-5060-475B-B19A-CA02391A618D}.Debug|x86.Build.0 = Debug|x86
		{05A8B66E-5060-475B-B19A-CA02391A618D}.Release|Any CPU.ActiveCfg = Release|x86
		{05A8B66E-5060-475B-B19A-CA02391A618D}.Release|x86.ActiveCfg = Release|x86
		{05A8B66E-5060-475B-B19A-CA02391A618D}.Release|x86.Build.0 = Release|x86
		{BD8C8CBB-C497-4D44-AFC5-CADE89E92041}.Debug|Any CPU.ActiveCfg = Debug|Any CPU
		{BD8C8CBB-C497-4D44-AFC5-CADE89E92041}.Debug|Any CPU.Build.0 = Debug|Any CPU
		{BD8C8CBB-C497-4D44-AFC5-CADE89E92041}.Debug|x86.ActiveCfg = Debug|Any CPU
		{BD8C8CBB-C497-4D44-AFC5-CADE89E92041}.Debug|x86.Build.0 = Debug|Any CPU
		{BD8C8CBB-C497-4D44-AFC5-CADE89E92041}.Release|Any CPU.ActiveCfg = Release|Any CPU
		{BD8C8CBB-C497-4D44-AFC5-CADE89E92041}.Release|Any CPU.Build.0 = Release|Any CPU
		{BD8C8CBB-C497-4D44-AFC5-CADE89E92041}.Release|x86.ActiveCfg = Release|Any CPU
		{BD8C8CBB-C497-4D44-AFC5-CADE89E92041}.Release|x86.Build.0 = Release|Any CPU
		{5F98C000-F5E7-4B72-9CE3-3B8242D31C6F}.Debug|Any CPU.ActiveCfg = Debug|Any CPU
		{5F98C000-F5E7-4B72-9CE3-3B8242D31C6F}.Debug|Any CPU.Build.0 = Debug|Any CPU
		{5F98C000-F5E7-4B72-9CE3-3B8242D31C6F}.Debug|x86.ActiveCfg = Debug|Any CPU
		{5F98C000-F5E7-4B72-9CE3-3B8242D31C6F}.Debug|x86.Build.0 = Debug|Any CPU
		{5F98C000-F5E7-4B72-9CE3-3B8242D31C6F}.Release|Any CPU.ActiveCfg = Release|Any CPU
		{5F98C000-F5E7-4B72-9CE3-3B8242D31C6F}.Release|Any CPU.Build.0 = Release|Any CPU
		{5F98C000-F5E7-4B72-9CE3-3B8242D31C6F}.Release|x86.ActiveCfg = Release|Any CPU
		{5F98C000-F5E7-4B72-9CE3-3B8242D31C6F}.Release|x86.Build.0 = Release|Any CPU
		{8AE3542E-973C-4514-B829-AA7C2D294783}.Debug|Any CPU.ActiveCfg = Debug|Any CPU
		{8AE3542E-973C-4514-B829-AA7C2D294783}.Debug|Any CPU.Build.0 = Debug|Any CPU
		{8AE3542E-973C-4514-B829-AA7C2D294783}.Debug|x86.ActiveCfg = Debug|Any CPU
		{8AE3542E-973C-4514-B829-AA7C2D294783}.Debug|x86.Build.0 = Debug|Any CPU
		{8AE3542E-973C-4514-B829-AA7C2D294783}.Release|Any CPU.ActiveCfg = Release|Any CPU
		{8AE3542E-973C-4514-B829-AA7C2D294783}.Release|Any CPU.Build.0 = Release|Any CPU
		{8AE3542E-973C-4514-B829-AA7C2D294783}.Release|x86.ActiveCfg = Release|Any CPU
		{8AE3542E-973C-4514-B829-AA7C2D294783}.Release|x86.Build.0 = Release|Any CPU
		{1C44BF2F-7968-4551-9C30-97D5A507504F}.Debug|Any CPU.ActiveCfg = Debug|Any CPU
		{1C44BF2F-7968-4551-9C30-97D5A507504F}.Debug|Any CPU.Build.0 = Debug|Any CPU
		{1C44BF2F-7968-4551-9C30-97D5A507504F}.Debug|x86.ActiveCfg = Debug|Any CPU
		{1C44BF2F-7968-4551-9C30-97D5A507504F}.Debug|x86.Build.0 = Debug|Any CPU
		{1C44BF2F-7968-4551-9C30-97D5A507504F}.Release|Any CPU.ActiveCfg = Release|Any CPU
		{1C44BF2F-7968-4551-9C30-97D5A507504F}.Release|Any CPU.Build.0 = Release|Any CPU
		{1C44BF2F-7968-4551-9C30-97D5A507504F}.Release|x86.ActiveCfg = Release|Any CPU
		{1C44BF2F-7968-4551-9C30-97D5A507504F}.Release|x86.Build.0 = Release|Any CPU
		{9CE6C620-711E-4A9F-BD25-62B55FD5592D}.Debug|Any CPU.ActiveCfg = Debug|Any CPU
		{9CE6C620-711E-4A9F-BD25-62B55FD5592D}.Debug|Any CPU.Build.0 = Debug|Any CPU
		{9CE6C620-711E-4A9F-BD25-62B55FD5592D}.Debug|x86.ActiveCfg = Debug|Any CPU
		{9CE6C620-711E-4A9F-BD25-62B55FD5592D}.Debug|x86.Build.0 = Debug|Any CPU
		{9CE6C620-711E-4A9F-BD25-62B55FD5592D}.Release|Any CPU.ActiveCfg = Release|Any CPU
		{9CE6C620-711E-4A9F-BD25-62B55FD5592D}.Release|Any CPU.Build.0 = Release|Any CPU
		{9CE6C620-711E-4A9F-BD25-62B55FD5592D}.Release|x86.ActiveCfg = Release|Any CPU
		{9CE6C620-711E-4A9F-BD25-62B55FD5592D}.Release|x86.Build.0 = Release|Any CPU
		{05DD55DE-69F0-4929-B301-890C9F68E83D}.Debug|Any CPU.ActiveCfg = Debug|Any CPU
		{05DD55DE-69F0-4929-B301-890C9F68E83D}.Debug|Any CPU.Build.0 = Debug|Any CPU
		{05DD55DE-69F0-4929-B301-890C9F68E83D}.Debug|x86.ActiveCfg = Debug|Any CPU
		{05DD55DE-69F0-4929-B301-890C9F68E83D}.Debug|x86.Build.0 = Debug|Any CPU
		{05DD55DE-69F0-4929-B301-890C9F68E83D}.Release|Any CPU.ActiveCfg = Release|Any CPU
		{05DD55DE-69F0-4929-B301-890C9F68E83D}.Release|Any CPU.Build.0 = Release|Any CPU
		{05DD55DE-69F0-4929-B301-890C9F68E83D}.Release|x86.ActiveCfg = Release|Any CPU
		{05DD55DE-69F0-4929-B301-890C9F68E83D}.Release|x86.Build.0 = Release|Any CPU
		{304B5634-7C6E-4E24-AE93-232ACB35BD22}.Debug|Any CPU.ActiveCfg = Debug|Any CPU
		{304B5634-7C6E-4E24-AE93-232ACB35BD22}.Debug|Any CPU.Build.0 = Debug|Any CPU
		{304B5634-7C6E-4E24-AE93-232ACB35BD22}.Debug|x86.ActiveCfg = Debug|Any CPU
		{304B5634-7C6E-4E24-AE93-232ACB35BD22}.Debug|x86.Build.0 = Debug|Any CPU
		{304B5634-7C6E-4E24-AE93-232ACB35BD22}.Release|Any CPU.ActiveCfg = Release|Any CPU
		{304B5634-7C6E-4E24-AE93-232ACB35BD22}.Release|Any CPU.Build.0 = Release|Any CPU
		{304B5634-7C6E-4E24-AE93-232ACB35BD22}.Release|x86.ActiveCfg = Release|Any CPU
		{304B5634-7C6E-4E24-AE93-232ACB35BD22}.Release|x86.Build.0 = Release|Any CPU
	EndGlobalSection
	GlobalSection(SolutionProperties) = preSolution
		HideSolutionNode = FALSE
	EndGlobalSection
	GlobalSection(NestedProjects) = preSolution
		{5F98C000-F5E7-4B72-9CE3-3B8242D31C6F} = {DBB7DBF2-5DD8-4F84-BA96-2EB8F6615E36}
		{8AE3542E-973C-4514-B829-AA7C2D294783} = {4D9E0EF1-D943-4386-9520-9E39AE645381}
		{1C44BF2F-7968-4551-9C30-97D5A507504F} = {F3FCC3C7-6115-4FC5-8D31-ACD81DBF5721}
		{9CE6C620-711E-4A9F-BD25-62B55FD5592D} = {DBB7DBF2-5DD8-4F84-BA96-2EB8F6615E36}
		{05DD55DE-69F0-4929-B301-890C9F68E83D} = {F3FCC3C7-6115-4FC5-8D31-ACD81DBF5721}
		{304B5634-7C6E-4E24-AE93-232ACB35BD22} = {4D9E0EF1-D943-4386-9520-9E39AE645381}
	EndGlobalSection
	GlobalSection(ExtensibilityGlobals) = postSolution
		SolutionGuid = {9E2AF99F-943C-4772-B49D-C24E2456D786}
	EndGlobalSection
EndGlobal
